
Microsoft Visual Studio Solution File, Format Version 12.00
# Visual Studio Version 17
VisualStudioVersion = 17.4.33213.308
MinimumVisualStudioVersion = 10.0.40219.1
Project("{8BC9CEB8-8B4A-11D0-8D11-00A0C91BC942}") = "revision", "revision.vcxproj", "{44F20F2D-4EB9-4047-BBBD-A1B3B203213A}"
EndProject
Global
	GlobalSection(SolutionConfigurationPlatforms) = preSolution
		Debug|x64 = Debug|x64
		Debug|x86 = Debug|x86
		Release|x64 = Release|x64
		Release|x86 = Release|x86
	EndGlobalSection
	GlobalSection(ProjectConfigurationPlatforms) = postSolution
		{44F20F2D-4EB9-4047-BBBD-A1B3B203213A}.Debug|x64.ActiveCfg = Debug|x64
		{44F20F2D-4EB9-4047-BBBD-A1B3B203213A}.Debug|x64.Build.0 = Debug|x64
		{44F20F2D-4EB9-4047-BBBD-A1B3B203213A}.Debug|x86.ActiveCfg = Debug|Win32
		{44F20F2D-4EB9-4047-BBBD-A1B3B203213A}.Debug|x86.Build.0 = Debug|Win32
		{44F20F2D-4EB9-4047-BBBD-A1B3B203213A}.Release|x64.ActiveCfg = Release|x64
		{44F20F2D-4EB9-4047-BBBD-A1B3B203213A}.Release|x64.Build.0 = Release|x64
		{44F20F2D-4EB9-4047-BBBD-A1B3B203213A}.Release|x86.ActiveCfg = Release|Win32
		{44F20F2D-4EB9-4047-BBBD-A1B3B203213A}.Release|x86.Build.0 = Release|Win32
	EndGlobalSection
	GlobalSection(SolutionProperties) = preSolution
		HideSolutionNode = FALSE
	EndGlobalSection
	GlobalSection(ExtensibilityGlobals) = postSolution
		SolutionGuid = {549BEC6A-FCC9-493A-878F-8D96720384F4}
	EndGlobalSection
EndGlobal
