
Microsoft Visual Studio Solution File, Format Version 12.00
# Visual Studio Version 17
VisualStudioVersion = 17.4.33213.308
MinimumVisualStudioVersion = 10.0.40219.1
Project("{8BC9CEB8-8B4A-11D0-8D11-00A0C91BC942}") = "p1", "p1.vcxproj", "{5C5BA563-22D7-4424-A8DB-598D1A77962B}"
EndProject
Global
	GlobalSection(SolutionConfigurationPlatforms) = preSolution
		Debug|x64 = Debug|x64
		Debug|x86 = Debug|x86
		Release|x64 = Release|x64
		Release|x86 = Release|x86
	EndGlobalSection
	GlobalSection(ProjectConfigurationPlatforms) = postSolution
		{5C5BA563-22D7-4424-A8DB-598D1A77962B}.Debug|x64.ActiveCfg = Debug|x64
		{5C5BA563-22D7-4424-A8DB-598D1A77962B}.Debug|x64.Build.0 = Debug|x64
		{5C5BA563-22D7-4424-A8DB-598D1A77962B}.Debug|x86.ActiveCfg = Debug|Win32
		{5C5BA563-22D7-4424-A8DB-598D1A77962B}.Debug|x86.Build.0 = Debug|Win32
		{5C5BA563-22D7-4424-A8DB-598D1A77962B}.Release|x64.ActiveCfg = Release|x64
		{5C5BA563-22D7-4424-A8DB-598D1A77962B}.Release|x64.Build.0 = Release|x64
		{5C5BA563-22D7-4424-A8DB-598D1A77962B}.Release|x86.ActiveCfg = Release|Win32
		{5C5BA563-22D7-4424-A8DB-598D1A77962B}.Release|x86.Build.0 = Release|Win32
	EndGlobalSection
	GlobalSection(SolutionProperties) = preSolution
		HideSolutionNode = FALSE
	EndGlobalSection
	GlobalSection(ExtensibilityGlobals) = postSolution
		SolutionGuid = {55A89012-7A33-4D3F-9858-1A59625CFFA6}
	EndGlobalSection
EndGlobal
